// !$*UTF8*$!
{
	archiveVersion = 1;
	classes = {
	};
	objectVersion = 77;
	objects = {

/* Begin PBXBuildFile section */
		D10EF48E3015F2800070703E /* WianuIcon.icon in Resources */ = {isa = PBXBuildFile; fileRef = D10EF48D3015F2800070703E /* WianuIcon.icon */; };
		D1B972403015325D00B64B10 /* README.md in Resources */ = {isa = PBXBuildFile; fileRef = D1B9723F3015325D00B64B10 /* README.md */; };
		D1B9726A3015341900B64B10 /* Assets.xcassets in Resources */ = {isa = PBXBuildFile; fileRef = D1B972673015341900B64B10 /* Assets.xcassets */; };
		D1B9726C3015341900B64B10 /* AppModel.swift in Sources */ = {isa = PBXBuildFile; fileRef = D1B972413015341900B64B10 /* AppModel.swift */; };
		D1B9726D3015341900B64B10 /* LetterboxdWatchlistItem.swift in Sources */ = {isa = PBXBuildFile; fileRef = D1B972503015341900B64B10 /* LetterboxdWatchlistItem.swift */; };
		D1B9726E3015341900B64B10 /* BrowserPaneView.swift in Sources */ = {isa = PBXBuildFile; fileRef = D1B972463015341900B64B10 /* BrowserPaneView.swift */; };
		D1B9726F3015341900B64B10 /* ContentView.swift in Sources */ = {isa = PBXBuildFile; fileRef = D1B972423015341900B64B10 /* ContentView.swift */; };
		D1B972703015341900B64B10 /* SiteEditorView.swift in Sources */ = {isa = PBXBuildFile; fileRef = D1B972593015341900B64B10 /* SiteEditorView.swift */; };
		D1B972713015341900B64B10 /* WianuApp.swift in Sources */ = {isa = PBXBuildFile; fileRef = D1B972433015341900B64B10 /* WianuApp.swift */; };
		D1B972723015341900B64B10 /* JSONFileStore.swift in Sources */ = {isa = PBXBuildFile; fileRef = D1B9725E3015341900B64B10 /* JSONFileStore.swift */; };
		D1B972733015341900B64B10 /* SidebarSelection.swift in Sources */ = {isa = PBXBuildFile; fileRef = D1B972543015341900B64B10 /* SidebarSelection.swift */; };
		D1B972743015341900B64B10 /* PageTitleToolbarView.swift in Sources */ = {isa = PBXBuildFile; fileRef = D1B972483015341900B64B10 /* PageTitleToolbarView.swift */; };
		D1B972753015341900B64B10 /* PageTitleCleaner.swift in Sources */ = {isa = PBXBuildFile; fileRef = D1B972613015341900B64B10 /* PageTitleCleaner.swift */; };
		D1B972763015341900B64B10 /* URLNormalizer.swift in Sources */ = {isa = PBXBuildFile; fileRef = D1B972623015341900B64B10 /* URLNormalizer.swift */; };
		D1B972773015341900B64B10 /* LetterboxdWatchlistRow.swift in Sources */ = {isa = PBXBuildFile; fileRef = D1B972513015341900B64B10 /* LetterboxdWatchlistRow.swift */; };
		D1B972783015341900B64B10 /* SiteStore.swift in Sources */ = {isa = PBXBuildFile; fileRef = D1B9725B3015341900B64B10 /* SiteStore.swift */; };
		D1B972793015341900B64B10 /* RenameContinueWatchingView.swift in Sources */ = {isa = PBXBuildFile; fileRef = D1B9724D3015341900B64B10 /* RenameContinueWatchingView.swift */; };
		D1B9727A3015341900B64B10 /* LetterboxdWatchlistImporter.swift in Sources */ = {isa = PBXBuildFile; fileRef = D1B9724F3015341900B64B10 /* LetterboxdWatchlistImporter.swift */; };
		D1B9727B3015341900B64B10 /* ContinueWatchingStore.swift in Sources */ = {isa = PBXBuildFile; fileRef = D1B9724C3015341900B64B10 /* ContinueWatchingStore.swift */; };
		D1B9727C3015341900B64B10 /* FaviconView.swift in Sources */ = {isa = PBXBuildFile; fileRef = D1B972643015341900B64B10 /* FaviconView.swift */; };
		D1B9727D3015341900B64B10 /* BrowserView.swift in Sources */ = {isa = PBXBuildFile; fileRef = D1B972473015341900B64B10 /* BrowserView.swift */; };
		D1B9727E3015341900B64B10 /* SiteDraft.swift in Sources */ = {isa = PBXBuildFile; fileRef = D1B972583015341900B64B10 /* SiteDraft.swift */; };
		D1B9727F3015341900B64B10 /* SiteRow.swift in Sources */ = {isa = PBXBuildFile; fileRef = D1B9725A3015341900B64B10 /* SiteRow.swift */; };
		D1B972803015341900B64B10 /* ContinueWatchingItem.swift in Sources */ = {isa = PBXBuildFile; fileRef = D1B9724A3015341900B64B10 /* ContinueWatchingItem.swift */; };
		D1B972813015341900B64B10 /* BrowserNavigationDecider.swift in Sources */ = {isa = PBXBuildFile; fileRef = D1B972453015341900B64B10 /* BrowserNavigationDecider.swift */; };
		D1B972823015341900B64B10 /* ContinueWatchingRow.swift in Sources */ = {isa = PBXBuildFile; fileRef = D1B9724B3015341900B64B10 /* ContinueWatchingRow.swift */; };
		D1B972833015341900B64B10 /* LetterboxdWatchlistStore.swift in Sources */ = {isa = PBXBuildFile; fileRef = D1B972523015341900B64B10 /* LetterboxdWatchlistStore.swift */; };
		D1B972843015341900B64B10 /* SidebarView.swift in Sources */ = {isa = PBXBuildFile; fileRef = D1B972553015341900B64B10 /* SidebarView.swift */; };
		D1B972853015341900B64B10 /* SavedSite.swift in Sources */ = {isa = PBXBuildFile; fileRef = D1B972573015341900B64B10 /* SavedSite.swift */; };
		D1B973023015341900B64B10 /* StreamingSearchURL.swift in Sources */ = {isa = PBXBuildFile; fileRef = D1B973003015341900B64B10 /* StreamingSearchURL.swift */; };
		D1B973033015341900B64B10 /* StreamingSearchView.swift in Sources */ = {isa = PBXBuildFile; fileRef = D1B973013015341900B64B10 /* StreamingSearchView.swift */; };
		D1FE001A301638DA00DA12EE /* LICENSE in Resources */ = {isa = PBXBuildFile; fileRef = D1FE0019301638DA00DA12EE /* LICENSE */; };
		D1FE001D30163BD700DA12EE /* WianuIcon.png in Resources */ = {isa = PBXBuildFile; fileRef = D1FE001B30163BD700DA12EE /* WianuIcon.png */; };
/* End PBXBuildFile section */

/* Begin PBXFileReference section */
		D10EF48D3015F2800070703E /* WianuIcon.icon */ = {isa = PBXFileReference; lastKnownFileType = folder.iconcomposer.icon; path = WianuIcon.icon; sourceTree = "<group>"; };
		D14338A33013E5B800BA847C /* Wianu.app */ = {isa = PBXFileReference; explicitFileType = wrapper.application; includeInIndex = 0; path = Wianu.app; sourceTree = BUILT_PRODUCTS_DIR; };
		D1B9723F3015325D00B64B10 /* README.md */ = {isa = PBXFileReference; lastKnownFileType = net.daringfireball.markdown; path = README.md; sourceTree = "<group>"; };
		D1B972413015341900B64B10 /* AppModel.swift */ = {isa = PBXFileReference; lastKnownFileType = sourcecode.swift; path = AppModel.swift; sourceTree = "<group>"; };
		D1B972423015341900B64B10 /* ContentView.swift */ = {isa = PBXFileReference; lastKnownFileType = sourcecode.swift; path = ContentView.swift; sourceTree = "<group>"; };
		D1B972433015341900B64B10 /* WianuApp.swift */ = {isa = PBXFileReference; lastKnownFileType = sourcecode.swift; path = WianuApp.swift; sourceTree = "<group>"; };
		D1B972453015341900B64B10 /* BrowserNavigationDecider.swift */ = {isa = PBXFileReference; lastKnownFileType = sourcecode.swift; path = BrowserNavigationDecider.swift; sourceTree = "<group>"; };
		D1B972463015341900B64B10 /* BrowserPaneView.swift */ = {isa = PBXFileReference; lastKnownFileType = sourcecode.swift; path = BrowserPaneView.swift; sourceTree = "<group>"; };
		D1B972473015341900B64B10 /* BrowserView.swift */ = {isa = PBXFileReference; lastKnownFileType = sourcecode.swift; path = BrowserView.swift; sourceTree = "<group>"; };
		D1B972483015341900B64B10 /* PageTitleToolbarView.swift */ = {isa = PBXFileReference; lastKnownFileType = sourcecode.swift; path = PageTitleToolbarView.swift; sourceTree = "<group>"; };
		D1B9724A3015341900B64B10 /* ContinueWatchingItem.swift */ = {isa = PBXFileReference; lastKnownFileType = sourcecode.swift; path = ContinueWatchingItem.swift; sourceTree = "<group>"; };
		D1B9724B3015341900B64B10 /* ContinueWatchingRow.swift */ = {isa = PBXFileReference; lastKnownFileType = sourcecode.swift; path = ContinueWatchingRow.swift; sourceTree = "<group>"; };
		D1B9724C3015341900B64B10 /* ContinueWatchingStore.swift */ = {isa = PBXFileReference; lastKnownFileType = sourcecode.swift; path = ContinueWatchingStore.swift; sourceTree = "<group>"; };
		D1B9724D3015341900B64B10 /* RenameContinueWatchingView.swift */ = {isa = PBXFileReference; lastKnownFileType = sourcecode.swift; path = RenameContinueWatchingView.swift; sourceTree = "<group>"; };
		D1B9724F3015341900B64B10 /* LetterboxdWatchlistImporter.swift */ = {isa = PBXFileReference; lastKnownFileType = sourcecode.swift; path = LetterboxdWatchlistImporter.swift; sourceTree = "<group>"; };
		D1B972503015341900B64B10 /* LetterboxdWatchlistItem.swift */ = {isa = PBXFileReference; lastKnownFileType = sourcecode.swift; path = LetterboxdWatchlistItem.swift; sourceTree = "<group>"; };
		D1B972513015341900B64B10 /* LetterboxdWatchlistRow.swift */ = {isa = PBXFileReference; lastKnownFileType = sourcecode.swift; path = LetterboxdWatchlistRow.swift; sourceTree = "<group>"; };
		D1B972523015341900B64B10 /* LetterboxdWatchlistStore.swift */ = {isa = PBXFileReference; lastKnownFileType = sourcecode.swift; path = LetterboxdWatchlistStore.swift; sourceTree = "<group>"; };
		D1B972543015341900B64B10 /* SidebarSelection.swift */ = {isa = PBXFileReference; lastKnownFileType = sourcecode.swift; path = SidebarSelection.swift; sourceTree = "<group>"; };
		D1B972553015341900B64B10 /* SidebarView.swift */ = {isa = PBXFileReference; lastKnownFileType = sourcecode.swift; path = SidebarView.swift; sourceTree = "<group>"; };
		D1B972573015341900B64B10 /* SavedSite.swift */ = {isa = PBXFileReference; lastKnownFileType = sourcecode.swift; path = SavedSite.swift; sourceTree = "<group>"; };
		D1B972583015341900B64B10 /* SiteDraft.swift */ = {isa = PBXFileReference; lastKnownFileType = sourcecode.swift; path = SiteDraft.swift; sourceTree = "<group>"; };
		D1B972593015341900B64B10 /* SiteEditorView.swift */ = {isa = PBXFileReference; lastKnownFileType = sourcecode.swift; path = SiteEditorView.swift; sourceTree = "<group>"; };
		D1B9725A3015341900B64B10 /* SiteRow.swift */ = {isa = PBXFileReference; lastKnownFileType = sourcecode.swift; path = SiteRow.swift; sourceTree = "<group>"; };
		D1B9725B3015341900B64B10 /* SiteStore.swift */ = {isa = PBXFileReference; lastKnownFileType = sourcecode.swift; path = SiteStore.swift; sourceTree = "<group>"; };
		D1B9725E3015341900B64B10 /* JSONFileStore.swift */ = {isa = PBXFileReference; lastKnownFileType = sourcecode.swift; path = JSONFileStore.swift; sourceTree = "<group>"; };
		D1B972613015341900B64B10 /* PageTitleCleaner.swift */ = {isa = PBXFileReference; lastKnownFileType = sourcecode.swift; path = PageTitleCleaner.swift; sourceTree = "<group>"; };
		D1B972623015341900B64B10 /* URLNormalizer.swift */ = {isa = PBXFileReference; lastKnownFileType = sourcecode.swift; path = URLNormalizer.swift; sourceTree = "<group>"; };
		D1B972643015341900B64B10 /* FaviconView.swift */ = {isa = PBXFileReference; lastKnownFileType = sourcecode.swift; path = FaviconView.swift; sourceTree = "<group>"; };
		D1B972673015341900B64B10 /* Assets.xcassets */ = {isa = PBXFileReference; lastKnownFileType = folder.assetcatalog; path = Assets.xcassets; sourceTree = "<group>"; };
		D1B973003015341900B64B10 /* StreamingSearchURL.swift */ = {isa = PBXFileReference; lastKnownFileType = sourcecode.swift; path = StreamingSearchURL.swift; sourceTree = "<group>"; };
		D1B973013015341900B64B10 /* StreamingSearchView.swift */ = {isa = PBXFileReference; lastKnownFileType = sourcecode.swift; path = StreamingSearchView.swift; sourceTree = "<group>"; };
		D1FE0019301638DA00DA12EE /* LICENSE */ = {isa = PBXFileReference; lastKnownFileType = text; path = LICENSE; sourceTree = "<group>"; };
		D1FE001B30163BD700DA12EE /* WianuIcon.png */ = {isa = PBXFileReference; lastKnownFileType = image.png; path = WianuIcon.png; sourceTree = "<group>"; };
/* End PBXFileReference section */

/* Begin PBXFrameworksBuildPhase section */
		D14338A03013E5B800BA847C /* Frameworks */ = {
			isa = PBXFrameworksBuildPhase;
			buildActionMask = 2147483647;
			files = (
			);
			runOnlyForDeploymentPostprocessing = 0;
		};
/* End PBXFrameworksBuildPhase section */

/* Begin PBXGroup section */
		D143389A3013E5B800BA847C = {
			isa = PBXGroup;
			children = (
				D1B972693015341900B64B10 /* Wianu */,
				D14338A43013E5B800BA847C /* Products */,
				D1B9723F3015325D00B64B10 /* README.md */,
				D1FE001C30163BD700DA12EE /* assets */,
				D1FE0019301638DA00DA12EE /* LICENSE */,
			);
			sourceTree = "<group>";
		};
		D14338A43013E5B800BA847C /* Products */ = {
			isa = PBXGroup;
			children = (
				D14338A33013E5B800BA847C /* Wianu.app */,
			);
			name = Products;
			sourceTree = "<group>";
		};
		D1B972443015341900B64B10 /* App */ = {
			isa = PBXGroup;
			children = (
				D1B972413015341900B64B10 /* AppModel.swift */,
				D1B972423015341900B64B10 /* ContentView.swift */,
				D1B972433015341900B64B10 /* WianuApp.swift */,
			);
			path = App;
			sourceTree = "<group>";
		};
		D1B972493015341900B64B10 /* Browser */ = {
			isa = PBXGroup;
			children = (
				D1B972453015341900B64B10 /* BrowserNavigationDecider.swift */,
				D1B972463015341900B64B10 /* BrowserPaneView.swift */,
				D1B972473015341900B64B10 /* BrowserView.swift */,
				D1B972483015341900B64B10 /* PageTitleToolbarView.swift */,
			);
			path = Browser;
			sourceTree = "<group>";
		};
		D1B9724E3015341900B64B10 /* ContinueWatching */ = {
			isa = PBXGroup;
			children = (
				D1B9724A3015341900B64B10 /* ContinueWatchingItem.swift */,
				D1B9724B3015341900B64B10 /* ContinueWatchingRow.swift */,
				D1B9724C3015341900B64B10 /* ContinueWatchingStore.swift */,
				D1B9724D3015341900B64B10 /* RenameContinueWatchingView.swift */,
			);
			path = ContinueWatching;
			sourceTree = "<group>";
		};
		D1B972533015341900B64B10 /* LetterboxdWatchlist */ = {
			isa = PBXGroup;
			children = (
				D1B9724F3015341900B64B10 /* LetterboxdWatchlistImporter.swift */,
				D1B972503015341900B64B10 /* LetterboxdWatchlistItem.swift */,
				D1B972513015341900B64B10 /* LetterboxdWatchlistRow.swift */,
				D1B972523015341900B64B10 /* LetterboxdWatchlistStore.swift */,
			);
			path = LetterboxdWatchlist;
			sourceTree = "<group>";
		};
		D1B972563015341900B64B10 /* Sidebar */ = {
			isa = PBXGroup;
			children = (
				D1B972543015341900B64B10 /* SidebarSelection.swift */,
				D1B972553015341900B64B10 /* SidebarView.swift */,
			);
			path = Sidebar;
			sourceTree = "<group>";
		};
		D1B9725C3015341900B64B10 /* Sites */ = {
			isa = PBXGroup;
			children = (
				D1B972573015341900B64B10 /* SavedSite.swift */,
				D1B972583015341900B64B10 /* SiteDraft.swift */,
				D1B972593015341900B64B10 /* SiteEditorView.swift */,
				D1B9725A3015341900B64B10 /* SiteRow.swift */,
				D1B9725B3015341900B64B10 /* SiteStore.swift */,
				D1B973003015341900B64B10 /* StreamingSearchURL.swift */,
				D1B973013015341900B64B10 /* StreamingSearchView.swift */,
			);
			path = Sites;
			sourceTree = "<group>";
		};
		D1B9725D3015341900B64B10 /* Features */ = {
			isa = PBXGroup;
			children = (
				D1B972493015341900B64B10 /* Browser */,
				D1B9724E3015341900B64B10 /* ContinueWatching */,
				D1B972533015341900B64B10 /* LetterboxdWatchlist */,
				D1B972563015341900B64B10 /* Sidebar */,
				D1B9725C3015341900B64B10 /* Sites */,
			);
			path = Features;
			sourceTree = "<group>";
		};
		D1B9725F3015341900B64B10 /* Persistence */ = {
			isa = PBXGroup;
			children = (
				D1B9725E3015341900B64B10 /* JSONFileStore.swift */,
			);
			path = Persistence;
			sourceTree = "<group>";
		};
		D1B972603015341900B64B10 /* Infrastructure */ = {
			isa = PBXGroup;
			children = (
				D1B9725F3015341900B64B10 /* Persistence */,
			);
			path = Infrastructure;
			sourceTree = "<group>";
		};
		D1B972633015341900B64B10 /* Utilities */ = {
			isa = PBXGroup;
			children = (
				D1B972613015341900B64B10 /* PageTitleCleaner.swift */,
				D1B972623015341900B64B10 /* URLNormalizer.swift */,
			);
			path = Utilities;
			sourceTree = "<group>";
		};
		D1B972653015341900B64B10 /* Views */ = {
			isa = PBXGroup;
			children = (
				D1B972643015341900B64B10 /* FaviconView.swift */,
			);
			path = Views;
			sourceTree = "<group>";
		};
		D1B972663015341900B64B10 /* Shared */ = {
			isa = PBXGroup;
			children = (
				D1B972633015341900B64B10 /* Utilities */,
				D1B972653015341900B64B10 /* Views */,
			);
			path = Shared;
			sourceTree = "<group>";
		};
		D1B972693015341900B64B10 /* Wianu */ = {
			isa = PBXGroup;
			children = (
				D1B972443015341900B64B10 /* App */,
				D1B9725D3015341900B64B10 /* Features */,
				D1B972603015341900B64B10 /* Infrastructure */,
				D1B972663015341900B64B10 /* Shared */,
				D1B972673015341900B64B10 /* Assets.xcassets */,
				D10EF48D3015F2800070703E /* WianuIcon.icon */,
			);
			path = Wianu;
			sourceTree = "<group>";
		};
		D1FE001C30163BD700DA12EE /* assets */ = {
			isa = PBXGroup;
			children = (
				D1FE001B30163BD700DA12EE /* WianuIcon.png */,
			);
			path = assets;
			sourceTree = "<group>";
		};
/* End PBXGroup section */

/* Begin PBXNativeTarget section */
		D14338A23013E5B800BA847C /* Wianu */ = {
			isa = PBXNativeTarget;
			buildConfigurationList = D14338AE3013E5B800BA847C /* Build configuration list for PBXNativeTarget "Wianu" */;
			buildPhases = (
				D143389F3013E5B800BA847C /* Sources */,
				D14338A03013E5B800BA847C /* Frameworks */,
				D14338A13013E5B800BA847C /* Resources */,
			);
			buildRules = (
			);
			dependencies = (
			);
			name = Wianu;
			packageProductDependencies = (
			);
			productName = Wianu;
			productReference = D14338A33013E5B800BA847C /* Wianu.app */;
			productType = "com.apple.product-type.application";
		};
/* End PBXNativeTarget section */

/* Begin PBXProject section */
		D143389B3013E5B800BA847C /* Project object */ = {
			isa = PBXProject;
			attributes = {
				BuildIndependentTargetsInParallel = 1;
				LastSwiftUpdateCheck = 2620;
				LastUpgradeCheck = 2620;
				TargetAttributes = {
					D14338A23013E5B800BA847C = {
						CreatedOnToolsVersion = 26.2;
					};
				};
			};
			buildConfigurationList = D143389E3013E5B800BA847C /* Build configuration list for PBXProject "Wianu" */;
			developmentRegion = en;
			hasScannedForEncodings = 0;
			knownRegions = (
				en,
				Base,
			);
			mainGroup = D143389A3013E5B800BA847C;
			minimizedProjectReferenceProxies = 1;
			preferredProjectObjectVersion = 77;
			productRefGroup = D14338A43013E5B800BA847C /* Products */;
			projectDirPath = "";
			projectRoot = "";
			targets = (
				D14338A23013E5B800BA847C /* Wianu */,
			);
		};
/* End PBXProject section */

/* Begin PBXResourcesBuildPhase section */
		D14338A13013E5B800BA847C /* Resources */ = {
			isa = PBXResourcesBuildPhase;
			buildActionMask = 2147483647;
			files = (
				D1FE001D30163BD700DA12EE /* WianuIcon.png in Resources */,
				D10EF48E3015F2800070703E /* WianuIcon.icon in Resources */,
				D1B9726A3015341900B64B10 /* Assets.xcassets in Resources */,
				D1FE001A301638DA00DA12EE /* LICENSE in Resources */,
				D1B972403015325D00B64B10 /* README.md in Resources */,
			);
			runOnlyForDeploymentPostprocessing = 0;
		};
/* End PBXResourcesBuildPhase section */

/* Begin PBXSourcesBuildPhase section */
		D143389F3013E5B800BA847C /* Sources */ = {
			isa = PBXSourcesBuildPhase;
			buildActionMask = 2147483647;
			files = (
				D1B9726C3015341900B64B10 /* AppModel.swift in Sources */,
				D1B9726D3015341900B64B10 /* LetterboxdWatchlistItem.swift in Sources */,
				D1B9726E3015341900B64B10 /* BrowserPaneView.swift in Sources */,
				D1B9726F3015341900B64B10 /* ContentView.swift in Sources */,
				D1B972703015341900B64B10 /* SiteEditorView.swift in Sources */,
				D1B972713015341900B64B10 /* WianuApp.swift in Sources */,
				D1B972723015341900B64B10 /* JSONFileStore.swift in Sources */,
				D1B972733015341900B64B10 /* SidebarSelection.swift in Sources */,
				D1B972743015341900B64B10 /* PageTitleToolbarView.swift in Sources */,
				D1B972753015341900B64B10 /* PageTitleCleaner.swift in Sources */,
				D1B972763015341900B64B10 /* URLNormalizer.swift in Sources */,
				D1B972773015341900B64B10 /* LetterboxdWatchlistRow.swift in Sources */,
				D1B972783015341900B64B10 /* SiteStore.swift in Sources */,
				D1B972793015341900B64B10 /* RenameContinueWatchingView.swift in Sources */,
				D1B9727A3015341900B64B10 /* LetterboxdWatchlistImporter.swift in Sources */,
				D1B9727B3015341900B64B10 /* ContinueWatchingStore.swift in Sources */,
				D1B9727C3015341900B64B10 /* FaviconView.swift in Sources */,
				D1B9727D3015341900B64B10 /* BrowserView.swift in Sources */,
				D1B9727E3015341900B64B10 /* SiteDraft.swift in Sources */,
				D1B9727F3015341900B64B10 /* SiteRow.swift in Sources */,
				D1B972803015341900B64B10 /* ContinueWatchingItem.swift in Sources */,
				D1B972813015341900B64B10 /* BrowserNavigationDecider.swift in Sources */,
				D1B972823015341900B64B10 /* ContinueWatchingRow.swift in Sources */,
				D1B972833015341900B64B10 /* LetterboxdWatchlistStore.swift in Sources */,
				D1B972843015341900B64B10 /* SidebarView.swift in Sources */,
				D1B972853015341900B64B10 /* SavedSite.swift in Sources */,
				D1B973023015341900B64B10 /* StreamingSearchURL.swift in Sources */,
				D1B973033015341900B64B10 /* StreamingSearchView.swift in Sources */,
			);
			runOnlyForDeploymentPostprocessing = 0;
		};
/* End PBXSourcesBuildPhase section */

/* Begin XCBuildConfiguration section */
		D14338AC3013E5B800BA847C /* Debug */ = {
			isa = XCBuildConfiguration;
			buildSettings = {
				ALWAYS_SEARCH_USER_PATHS = NO;
				ASSETCATALOG_COMPILER_GENERATE_SWIFT_ASSET_SYMBOL_EXTENSIONS = YES;
				CLANG_ANALYZER_NONNULL = YES;
				CLANG_ANALYZER_NUMBER_OBJECT_CONVERSION = YES_AGGRESSIVE;
				CLANG_CXX_LANGUAGE_STANDARD = "gnu++20";
				CLANG_ENABLE_MODULES = YES;
				CLANG_ENABLE_OBJC_ARC = YES;
				CLANG_ENABLE_OBJC_WEAK = YES;
				CLANG_WARN_BLOCK_CAPTURE_AUTORELEASING = YES;
				CLANG_WARN_BOOL_CONVERSION = YES;
				CLANG_WARN_COMMA = YES;
				CLANG_WARN_CONSTANT_CONVERSION = YES;
				CLANG_WARN_DEPRECATED_OBJC_IMPLEMENTATIONS = YES;
				CLANG_WARN_DIRECT_OBJC_ISA_USAGE = YES_ERROR;
				CLANG_WARN_DOCUMENTATION_COMMENTS = YES;
				CLANG_WARN_EMPTY_BODY = YES;
				CLANG_WARN_ENUM_CONVERSION = YES;
				CLANG_WARN_INFINITE_RECURSION = YES;
				CLANG_WARN_INT_CONVERSION = YES;
				CLANG_WARN_NON_LITERAL_NULL_CONVERSION = YES;
				CLANG_WARN_OBJC_IMPLICIT_RETAIN_SELF = YES;
				CLANG_WARN_OBJC_LITERAL_CONVERSION = YES;
				CLANG_WARN_OBJC_ROOT_CLASS = YES_ERROR;
				CLANG_WARN_QUOTED_INCLUDE_IN_FRAMEWORK_HEADER = YES;
				CLANG_WARN_RANGE_LOOP_ANALYSIS = YES;
				CLANG_WARN_STRICT_PROTOTYPES = YES;
				CLANG_WARN_SUSPICIOUS_MOVE = YES;
				CLANG_WARN_UNGUARDED_AVAILABILITY = YES_AGGRESSIVE;
				CLANG_WARN_UNREACHABLE_CODE = YES;
				CLANG_WARN__DUPLICATE_METHOD_MATCH = YES;
				COPY_PHASE_STRIP = NO;
				DEBUG_INFORMATION_FORMAT = dwarf;
				ENABLE_STRICT_OBJC_MSGSEND = YES;
				ENABLE_TESTABILITY = YES;
				ENABLE_USER_SCRIPT_SANDBOXING = YES;
				GCC_C_LANGUAGE_STANDARD = gnu17;
				GCC_DYNAMIC_NO_PIC = NO;
				GCC_NO_COMMON_BLOCKS = YES;
				GCC_OPTIMIZATION_LEVEL = 0;
				GCC_PREPROCESSOR_DEFINITIONS = (
					"DEBUG=1",
					"$(inherited)",
				);
				GCC_WARN_64_TO_32_BIT_CONVERSION = YES;
				GCC_WARN_ABOUT_RETURN_TYPE = YES_ERROR;
				GCC_WARN_UNDECLARED_SELECTOR = YES;
				GCC_WARN_UNINITIALIZED_AUTOS = YES_AGGRESSIVE;
				GCC_WARN_UNUSED_FUNCTION = YES;
				GCC_WARN_UNUSED_VARIABLE = YES;
				LOCALIZATION_PREFERS_STRING_CATALOGS = YES;
				MACOSX_DEPLOYMENT_TARGET = 26.2;
				MTL_ENABLE_DEBUG_INFO = INCLUDE_SOURCE;
				MTL_FAST_MATH = YES;
				ONLY_ACTIVE_ARCH = YES;
				SDKROOT = macosx;
				SWIFT_ACTIVE_COMPILATION_CONDITIONS = "DEBUG $(inherited)";
				SWIFT_OPTIMIZATION_LEVEL = "-Onone";
			};
			name = Debug;
		};
		D14338AD3013E5B800BA847C /* Release */ = {
			isa = XCBuildConfiguration;
			buildSettings = {
				ALWAYS_SEARCH_USER_PATHS = NO;
				ASSETCATALOG_COMPILER_GENERATE_SWIFT_ASSET_SYMBOL_EXTENSIONS = YES;
				CLANG_ANALYZER_NONNULL = YES;
				CLANG_ANALYZER_NUMBER_OBJECT_CONVERSION = YES_AGGRESSIVE;
				CLANG_CXX_LANGUAGE_STANDARD = "gnu++20";
				CLANG_ENABLE_MODULES = YES;
				CLANG_ENABLE_OBJC_ARC = YES;
				CLANG_ENABLE_OBJC_WEAK = YES;
				CLANG_WARN_BLOCK_CAPTURE_AUTORELEASING = YES;
				CLANG_WARN_BOOL_CONVERSION = YES;
				CLANG_WARN_COMMA = YES;
				CLANG_WARN_CONSTANT_CONVERSION = YES;
				CLANG_WARN_DEPRECATED_OBJC_IMPLEMENTATIONS = YES;
				CLANG_WARN_DIRECT_OBJC_ISA_USAGE = YES_ERROR;
				CLANG_WARN_DOCUMENTATION_COMMENTS = YES;
				CLANG_WARN_EMPTY_BODY = YES;
				CLANG_WARN_ENUM_CONVERSION = YES;
				CLANG_WARN_INFINITE_RECURSION = YES;
				CLANG_WARN_INT_CONVERSION = YES;
				CLANG_WARN_NON_LITERAL_NULL_CONVERSION = YES;
				CLANG_WARN_OBJC_IMPLICIT_RETAIN_SELF = YES;
				CLANG_WARN_OBJC_LITERAL_CONVERSION = YES;
				CLANG_WARN_OBJC_ROOT_CLASS = YES_ERROR;
				CLANG_WARN_QUOTED_INCLUDE_IN_FRAMEWORK_HEADER = YES;
				CLANG_WARN_RANGE_LOOP_ANALYSIS = YES;
				CLANG_WARN_STRICT_PROTOTYPES = YES;
				CLANG_WARN_SUSPICIOUS_MOVE = YES;
				CLANG_WARN_UNGUARDED_AVAILABILITY = YES_AGGRESSIVE;
				CLANG_WARN_UNREACHABLE_CODE = YES;
				CLANG_WARN__DUPLICATE_METHOD_MATCH = YES;
				COPY_PHASE_STRIP = NO;
				DEBUG_INFORMATION_FORMAT = "dwarf-with-dsym";
				ENABLE_NS_ASSERTIONS = NO;
				ENABLE_STRICT_OBJC_MSGSEND = YES;
				ENABLE_USER_SCRIPT_SANDBOXING = YES;
				GCC_C_LANGUAGE_STANDARD = gnu17;
				GCC_NO_COMMON_BLOCKS = YES;
				GCC_WARN_64_TO_32_BIT_CONVERSION = YES;
				GCC_WARN_ABOUT_RETURN_TYPE = YES_ERROR;
				GCC_WARN_UNDECLARED_SELECTOR = YES;
				GCC_WARN_UNINITIALIZED_AUTOS = YES_AGGRESSIVE;
				GCC_WARN_UNUSED_FUNCTION = YES;
				GCC_WARN_UNUSED_VARIABLE = YES;
				LOCALIZATION_PREFERS_STRING_CATALOGS = YES;
				MACOSX_DEPLOYMENT_TARGET = 26.2;
				MTL_ENABLE_DEBUG_INFO = NO;
				MTL_FAST_MATH = YES;
				SDKROOT = macosx;
				SWIFT_COMPILATION_MODE = wholemodule;
			};
			name = Release;
		};
		D14338AF3013E5B800BA847C /* Debug */ = {
			isa = XCBuildConfiguration;
			buildSettings = {
				ASSETCATALOG_COMPILER_APPICON_NAME = WianuIcon;
				ASSETCATALOG_COMPILER_GLOBAL_ACCENT_COLOR_NAME = AccentColor;
				ASSETCATALOG_COMPILER_INCLUDE_ALL_APPICON_ASSETS = NO;
				CODE_SIGN_STYLE = Automatic;
				COMBINE_HIDPI_IMAGES = YES;
				CURRENT_PROJECT_VERSION = 1;
				ENABLE_APP_SANDBOX = YES;
				ENABLE_INCOMING_NETWORK_CONNECTIONS = NO;
				ENABLE_OUTGOING_NETWORK_CONNECTIONS = YES;
				ENABLE_PREVIEWS = YES;
				ENABLE_RESOURCE_ACCESS_AUDIO_INPUT = NO;
				ENABLE_RESOURCE_ACCESS_BLUETOOTH = NO;
				ENABLE_RESOURCE_ACCESS_CALENDARS = NO;
				ENABLE_RESOURCE_ACCESS_CAMERA = NO;
				ENABLE_RESOURCE_ACCESS_CONTACTS = NO;
				ENABLE_RESOURCE_ACCESS_LOCATION = NO;
				ENABLE_RESOURCE_ACCESS_PRINTING = NO;
				ENABLE_RESOURCE_ACCESS_USB = NO;
				ENABLE_USER_SELECTED_FILES = readonly;
				GENERATE_INFOPLIST_FILE = YES;
				INFOPLIST_KEY_LSApplicationCategoryType = "public.app-category.entertainment";
				INFOPLIST_KEY_NSHumanReadableCopyright = "";
				LD_RUNPATH_SEARCH_PATHS = (
					"$(inherited)",
					"@executable_path/../Frameworks",
				);
				MARKETING_VERSION = 1.0;
				PRODUCT_BUNDLE_IDENTIFIER = timwehrle.Wianu;
				PRODUCT_NAME = "$(TARGET_NAME)";
				REGISTER_APP_GROUPS = YES;
				STRING_CATALOG_GENERATE_SYMBOLS = YES;
				SWIFT_APPROACHABLE_CONCURRENCY = YES;
				SWIFT_DEFAULT_ACTOR_ISOLATION = MainActor;
				SWIFT_EMIT_LOC_STRINGS = YES;
				SWIFT_UPCOMING_FEATURE_MEMBER_IMPORT_VISIBILITY = YES;
				SWIFT_VERSION = 5.0;
			};
			name = Debug;
		};
		D14338B03013E5B800BA847C /* Release */ = {
			isa = XCBuildConfiguration;
			buildSettings = {
				ASSETCATALOG_COMPILER_APPICON_NAME = WianuIcon;
				ASSETCATALOG_COMPILER_GLOBAL_ACCENT_COLOR_NAME = AccentColor;
				ASSETCATALOG_COMPILER_INCLUDE_ALL_APPICON_ASSETS = NO;
				CODE_SIGN_STYLE = Automatic;
				COMBINE_HIDPI_IMAGES = YES;
				CURRENT_PROJECT_VERSION = 1;
				ENABLE_APP_SANDBOX = YES;
				ENABLE_INCOMING_NETWORK_CONNECTIONS = NO;
				ENABLE_OUTGOING_NETWORK_CONNECTIONS = YES;
				ENABLE_PREVIEWS = YES;
				ENABLE_RESOURCE_ACCESS_AUDIO_INPUT = NO;
				ENABLE_RESOURCE_ACCESS_BLUETOOTH = NO;
				ENABLE_RESOURCE_ACCESS_CALENDARS = NO;
				ENABLE_RESOURCE_ACCESS_CAMERA = NO;
				ENABLE_RESOURCE_ACCESS_CONTACTS = NO;
				ENABLE_RESOURCE_ACCESS_LOCATION = NO;
				ENABLE_RESOURCE_ACCESS_PRINTING = NO;
				ENABLE_RESOURCE_ACCESS_USB = NO;
				ENABLE_USER_SELECTED_FILES = readonly;
				GENERATE_INFOPLIST_FILE = YES;
				INFOPLIST_KEY_LSApplicationCategoryType = "public.app-category.entertainment";
				INFOPLIST_KEY_NSHumanReadableCopyright = "";
				LD_RUNPATH_SEARCH_PATHS = (
					"$(inherited)",
					"@executable_path/../Frameworks",
				);
				MARKETING_VERSION = 1.0;
				PRODUCT_BUNDLE_IDENTIFIER = timwehrle.Wianu;
				PRODUCT_NAME = "$(TARGET_NAME)";
				REGISTER_APP_GROUPS = YES;
				STRING_CATALOG_GENERATE_SYMBOLS = YES;
				SWIFT_APPROACHABLE_CONCURRENCY = YES;
				SWIFT_DEFAULT_ACTOR_ISOLATION = MainActor;
				SWIFT_EMIT_LOC_STRINGS = YES;
				SWIFT_UPCOMING_FEATURE_MEMBER_IMPORT_VISIBILITY = YES;
				SWIFT_VERSION = 5.0;
			};
			name = Release;
		};
/* End XCBuildConfiguration section */

/* Begin XCConfigurationList section */
		D143389E3013E5B800BA847C /* Build configuration list for PBXProject "Wianu" */ = {
			isa = XCConfigurationList;
			buildConfigurations = (
				D14338AC3013E5B800BA847C /* Debug */,
				D14338AD3013E5B800BA847C /* Release */,
			);
			defaultConfigurationIsVisible = 0;
			defaultConfigurationName = Release;
		};
		D14338AE3013E5B800BA847C /* Build configuration list for PBXNativeTarget "Wianu" */ = {
			isa = XCConfigurationList;
			buildConfigurations = (
				D14338AF3013E5B800BA847C /* Debug */,
				D14338B03013E5B800BA847C /* Release */,
			);
			defaultConfigurationIsVisible = 0;
			defaultConfigurationName = Release;
		};
/* End XCConfigurationList section */
	};
	rootObject = D143389B3013E5B800BA847C /* Project object */;
}
